
Microsoft Visual Studio Solution File, Format Version 12.00
# Visual Studio Version 16
VisualStudioVersion = 16.0.30907.101
MinimumVisualStudioVersion = 10.0.40219.1
Project("{FAE04EC0-301F-11D3-BF4B-00C04F79EFBC}") = "RpnCalculator", "RpnCalculator\RpnCalculator.csproj", "{2F0B11FD-6A76-4D8A-9BAB-B2A5BB7DB181}"
EndProject
Global
	GlobalSection(SolutionConfigurationPlatforms) = preSolution
		Debug|Any CPU = Debug|Any CPU
		Release|Any CPU = Release|Any CPU
	EndGlobalSection
	GlobalSection(ProjectConfigurationPlatforms) = postSolution
		{2F0B11FD-6A76-4D8A-9BAB-B2A5BB7DB181}.Debug|Any CPU.ActiveCfg = Debug|Any CPU
		{2F0B11FD-6A76-4D8A-9BAB-B2A5BB7DB181}.Debug|Any CPU.Build.0 = Debug|Any CPU
		{2F0B11FD-6A76-4D8A-9BAB-B2A5BB7DB181}.Release|Any CPU.ActiveCfg = Release|Any CPU
		{2F0B11FD-6A76-4D8A-9BAB-B2A5BB7DB181}.Release|Any CPU.Build.0 = Release|Any CPU
	EndGlobalSection
	GlobalSection(SolutionProperties) = preSolution
		HideSolutionNode = FALSE
	EndGlobalSection
	GlobalSection(ExtensibilityGlobals) = postSolution
		SolutionGuid = {F3D07A4D-5FAC-4C7F-A223-678E70B75E7D}
	EndGlobalSection
EndGlobal
